
Microsoft Visual Studio Solution File, Format Version 12.00
# Visual Studio Version 17
VisualStudioVersion = 17.1.32210.238
MinimumVisualStudioVersion = 10.0.40219.1
Project("{FAE04EC0-301F-11D3-BF4B-00C04F79EFBC}") = "SomethingControllerIdk", "SomethingControllerIdk\SomethingControllerIdk.csproj", "{3D748818-B9CF-4436-B55E-D2C9DA778198}"
EndProject
Global
	GlobalSection(SolutionConfigurationPlatforms) = preSolution
		Debug|Any CPU = Debug|Any CPU
		Release|Any CPU = Release|Any CPU
	EndGlobalSection
	GlobalSection(ProjectConfigurationPlatforms) = postSolution
		{3D748818-B9CF-4436-B55E-D2C9DA778198}.Debug|Any CPU.ActiveCfg = Debug|Any CPU
		{3D748818-B9CF-4436-B55E-D2C9DA778198}.Debug|Any CPU.Build.0 = Debug|Any CPU
		{3D748818-B9CF-4436-B55E-D2C9DA778198}.Release|Any CPU.ActiveCfg = Release|Any CPU
		{3D748818-B9CF-4436-B55E-D2C9DA778198}.Release|Any CPU.Build.0 = Release|Any CPU
	EndGlobalSection
	GlobalSection(SolutionProperties) = preSolution
		HideSolutionNode = FALSE
	EndGlobalSection
	GlobalSection(ExtensibilityGlobals) = postSolution
		SolutionGuid = {F00F8347-8949-4C78-964D-85D6AA10EC87}
	EndGlobalSection
EndGlobal
